// !$*UTF8*$!
{
	archiveVersion = 1;
	classes = {
	};
	objectVersion = 46;
	objects = {

/* Begin PBXBuildFile section */
		1A59C0601F70807E00821FFE /* EventAnnotation.swift in Sources */ = {isa = PBXBuildFile; fileRef = 1A59C05F1F70807E00821FFE /* EventAnnotation.swift */; };
		1A59C0621F7088D200821FFE /* EventAnnotationView.swift in Sources */ = {isa = PBXBuildFile; fileRef = 1A59C0611F7088D200821FFE /* EventAnnotationView.swift */; };
		1A59C0641F70923600821FFE /* EventDetailMapView.xib in Resources */ = {isa = PBXBuildFile; fileRef = 1A59C0631F70923500821FFE /* EventDetailMapView.xib */; };
		1A59C0661F70925E00821FFE /* EventDetailMapView.swift in Sources */ = {isa = PBXBuildFile; fileRef = 1A59C0651F70925E00821FFE /* EventDetailMapView.swift */; };
		1A73B4F61F51F8ED0048237E /* AppDelegate.swift in Sources */ = {isa = PBXBuildFile; fileRef = 1A73B4F51F51F8ED0048237E /* AppDelegate.swift */; };
		1A73B4F81F51F8ED0048237E /* ViewController.swift in Sources */ = {isa = PBXBuildFile; fileRef = 1A73B4F71F51F8ED0048237E /* ViewController.swift */; };
		1A73B4FB1F51F8ED0048237E /* Main.storyboard in Resources */ = {isa = PBXBuildFile; fileRef = 1A73B4F91F51F8ED0048237E /* Main.storyboard */; };
		1A73B4FD1F51F8ED0048237E /* Assets.xcassets in Resources */ = {isa = PBXBuildFile; fileRef = 1A73B4FC1F51F8ED0048237E /* Assets.xcassets */; };
		1A73B5091F51FA710048237E /* CoreLocation.framework in Frameworks */ = {isa = PBXBuildFile; fileRef = 1A73B5081F51FA710048237E /* CoreLocation.framework */; };
		1A9D350A1F52369200C55B2E /* SKApiResponse.swift in Sources */ = {isa = PBXBuildFile; fileRef = 1A9D35091F52369200C55B2E /* SKApiResponse.swift */; };
		1A9D350C1F5238D800C55B2E /* SKApiClient.swift in Sources */ = {isa = PBXBuildFile; fileRef = 1A9D350B1F5238D800C55B2E /* SKApiClient.swift */; };
		1A9D350E1F52480C00C55B2E /* SKApiError.swift in Sources */ = {isa = PBXBuildFile; fileRef = 1A9D350D1F52480C00C55B2E /* SKApiError.swift */; };
		1AC8CA741F5DDF1900E8793F /* SearchResultsController.swift in Sources */ = {isa = PBXBuildFile; fileRef = 1AC8CA731F5DDF1900E8793F /* SearchResultsController.swift */; };
		1AC8CA771F5DEA9D00E8793F /* SKLocationObjects.swift in Sources */ = {isa = PBXBuildFile; fileRef = 1AC8CA761F5DEA9D00E8793F /* SKLocationObjects.swift */; };
		1AC8CA791F5DEB7C00E8793F /* SKIdentifier.swift in Sources */ = {isa = PBXBuildFile; fileRef = 1AC8CA781F5DEB7C00E8793F /* SKIdentifier.swift */; };
		1AC8CA7F1F5DECE400E8793F /* SKVenue.swift in Sources */ = {isa = PBXBuildFile; fileRef = 1AC8CA7E1F5DECE400E8793F /* SKVenue.swift */; };
		1AC8CA811F5DED0C00E8793F /* SKArtist.swift in Sources */ = {isa = PBXBuildFile; fileRef = 1AC8CA801F5DED0C00E8793F /* SKArtist.swift */; };
		1AC8CA831F5DED2900E8793F /* SKPerformance.swift in Sources */ = {isa = PBXBuildFile; fileRef = 1AC8CA821F5DED2800E8793F /* SKPerformance.swift */; };
		1AC8CA851F5DED5400E8793F /* SKEvent.swift in Sources */ = {isa = PBXBuildFile; fileRef = 1AC8CA841F5DED5400E8793F /* SKEvent.swift */; };
		1AC8CA891F5DF37500E8793F /* SKLocationResultObjects.swift in Sources */ = {isa = PBXBuildFile; fileRef = 1AC8CA881F5DF37500E8793F /* SKLocationResultObjects.swift */; };
		1AC8CA8B1F5DF59900E8793F /* SKMetroArea.swift in Sources */ = {isa = PBXBuildFile; fileRef = 1AC8CA8A1F5DF59900E8793F /* SKMetroArea.swift */; };
		1AC8CA8E1F5E1C8000E8793F /* LocationResultsDataSource.swift in Sources */ = {isa = PBXBuildFile; fileRef = 1AC8CA8D1F5E1C8000E8793F /* LocationResultsDataSource.swift */; };
		EB477A3843CB1C1FDD0B7764 /* Pods_LocalBeatStart.framework in Frameworks */ = {isa = PBXBuildFile; fileRef = 6C7418EFBAEB030643B5EF39 /* Pods_LocalBeatStart.framework */; };
/* End PBXBuildFile section */

/* Begin PBXFileReference section */
		028C06919B5E8068E1A05B5A /* Pods-LocalBeatStart.release.xcconfig */ = {isa = PBXFileReference; includeInIndex = 1; lastKnownFileType = text.xcconfig; name = "Pods-LocalBeatStart.release.xcconfig"; path = "Pods/Target Support Files/Pods-LocalBeatStart/Pods-LocalBeatStart.release.xcconfig"; sourceTree = "<group>"; };
		03A064E3AD0AEF9232F93ADB /* Pods-LocalBeatStart.debug.xcconfig */ = {isa = PBXFileReference; includeInIndex = 1; lastKnownFileType = text.xcconfig; name = "Pods-LocalBeatStart.debug.xcconfig"; path = "Pods/Target Support Files/Pods-LocalBeatStart/Pods-LocalBeatStart.debug.xcconfig"; sourceTree = "<group>"; };
		1A51121A1F525F1400DA5FF0 /* LaunchScreen.storyboard */ = {isa = PBXFileReference; fileEncoding = 4; lastKnownFileType = file.storyboard; name = LaunchScreen.storyboard; path = ../LaunchScreen.storyboard; sourceTree = "<group>"; };
		1A59C05F1F70807E00821FFE /* EventAnnotation.swift */ = {isa = PBXFileReference; fileEncoding = 4; lastKnownFileType = sourcecode.swift; path = EventAnnotation.swift; sourceTree = "<group>"; };
		1A59C0611F7088D200821FFE /* EventAnnotationView.swift */ = {isa = PBXFileReference; fileEncoding = 4; lastKnownFileType = sourcecode.swift; path = EventAnnotationView.swift; sourceTree = "<group>"; };
		1A59C0631F70923500821FFE /* EventDetailMapView.xib */ = {isa = PBXFileReference; fileEncoding = 4; lastKnownFileType = file.xib; path = EventDetailMapView.xib; sourceTree = "<group>"; };
		1A59C0651F70925E00821FFE /* EventDetailMapView.swift */ = {isa = PBXFileReference; fileEncoding = 4; lastKnownFileType = sourcecode.swift; path = EventDetailMapView.swift; sourceTree = "<group>"; };
		1A73B4F21F51F8ED0048237E /* LocalBeatStart.app */ = {isa = PBXFileReference; explicitFileType = wrapper.application; includeInIndex = 0; path = LocalBeatStart.app; sourceTree = BUILT_PRODUCTS_DIR; };
		1A73B4F51F51F8ED0048237E /* AppDelegate.swift */ = {isa = PBXFileReference; lastKnownFileType = sourcecode.swift; path = AppDelegate.swift; sourceTree = "<group>"; };
		1A73B4F71F51F8ED0048237E /* ViewController.swift */ = {isa = PBXFileReference; lastKnownFileType = sourcecode.swift; path = ViewController.swift; sourceTree = "<group>"; };
		1A73B4FA1F51F8ED0048237E /* Base */ = {isa = PBXFileReference; lastKnownFileType = file.storyboard; name = Base; path = Base.lproj/Main.storyboard; sourceTree = "<group>"; };
		1A73B4FC1F51F8ED0048237E /* Assets.xcassets */ = {isa = PBXFileReference; lastKnownFileType = folder.assetcatalog; path = Assets.xcassets; sourceTree = "<group>"; };
		1A73B5011F51F8ED0048237E /* Info.plist */ = {isa = PBXFileReference; lastKnownFileType = text.plist.xml; path = Info.plist; sourceTree = "<group>"; };
		1A73B5081F51FA710048237E /* CoreLocation.framework */ = {isa = PBXFileReference; lastKnownFileType = wrapper.framework; name = CoreLocation.framework; path = System/Library/Frameworks/CoreLocation.framework; sourceTree = SDKROOT; };
		1A9D35091F52369200C55B2E /* SKApiResponse.swift */ = {isa = PBXFileReference; fileEncoding = 4; lastKnownFileType = sourcecode.swift; path = SKApiResponse.swift; sourceTree = "<group>"; };
		1A9D350B1F5238D800C55B2E /* SKApiClient.swift */ = {isa = PBXFileReference; fileEncoding = 4; lastKnownFileType = sourcecode.swift; path = SKApiClient.swift; sourceTree = "<group>"; };
		1A9D350D1F52480C00C55B2E /* SKApiError.swift */ = {isa = PBXFileReference; fileEncoding = 4; lastKnownFileType = sourcecode.swift; path = SKApiError.swift; sourceTree = "<group>"; };
		1AC8CA731F5DDF1900E8793F /* SearchResultsController.swift */ = {isa = PBXFileReference; fileEncoding = 4; lastKnownFileType = sourcecode.swift; path = SearchResultsController.swift; sourceTree = "<group>"; };
		1AC8CA761F5DEA9D00E8793F /* SKLocationObjects.swift */ = {isa = PBXFileReference; fileEncoding = 4; lastKnownFileType = sourcecode.swift; path = SKLocationObjects.swift; sourceTree = "<group>"; };
		1AC8CA781F5DEB7C00E8793F /* SKIdentifier.swift */ = {isa = PBXFileReference; fileEncoding = 4; lastKnownFileType = sourcecode.swift; path = SKIdentifier.swift; sourceTree = "<group>"; };
		1AC8CA7E1F5DECE400E8793F /* SKVenue.swift */ = {isa = PBXFileReference; fileEncoding = 4; lastKnownFileType = sourcecode.swift; path = SKVenue.swift; sourceTree = "<group>"; };
		1AC8CA801F5DED0C00E8793F /* SKArtist.swift */ = {isa = PBXFileReference; fileEncoding = 4; lastKnownFileType = sourcecode.swift; path = SKArtist.swift; sourceTree = "<group>"; };
		1AC8CA821F5DED2800E8793F /* SKPerformance.swift */ = {isa = PBXFileReference; fileEncoding = 4; lastKnownFileType = sourcecode.swift; path = SKPerformance.swift; sourceTree = "<group>"; };
		1AC8CA841F5DED5400E8793F /* SKEvent.swift */ = {isa = PBXFileReference; fileEncoding = 4; lastKnownFileType = sourcecode.swift; path = SKEvent.swift; sourceTree = "<group>"; };
		1AC8CA881F5DF37500E8793F /* SKLocationResultObjects.swift */ = {isa = PBXFileReference; fileEncoding = 4; lastKnownFileType = sourcecode.swift; path = SKLocationResultObjects.swift; sourceTree = "<group>"; };
		1AC8CA8A1F5DF59900E8793F /* SKMetroArea.swift */ = {isa = PBXFileReference; fileEncoding = 4; lastKnownFileType = sourcecode.swift; path = SKMetroArea.swift; sourceTree = "<group>"; };
		1AC8CA8D1F5E1C8000E8793F /* LocationResultsDataSource.swift */ = {isa = PBXFileReference; fileEncoding = 4; lastKnownFileType = sourcecode.swift; path = LocationResultsDataSource.swift; sourceTree = "<group>"; };
		6C7418EFBAEB030643B5EF39 /* Pods_LocalBeatStart.framework */ = {isa = PBXFileReference; explicitFileType = wrapper.framework; includeInIndex = 0; path = Pods_LocalBeatStart.framework; sourceTree = BUILT_PRODUCTS_DIR; };
/* End PBXFileReference section */

/* Begin PBXFrameworksBuildPhase section */
		1A73B4EF1F51F8ED0048237E /* Frameworks */ = {
			isa = PBXFrameworksBuildPhase;
			buildActionMask = 2147483647;
			files = (
				1A73B5091F51FA710048237E /* CoreLocation.framework in Frameworks */,
				EB477A3843CB1C1FDD0B7764 /* Pods_LocalBeatStart.framework in Frameworks */,
			);
			runOnlyForDeploymentPostprocessing = 0;
		};
/* End PBXFrameworksBuildPhase section */

/* Begin PBXGroup section */
		1A73B4E91F51F8ED0048237E = {
			isa = PBXGroup;
			children = (
				1A73B4F41F51F8ED0048237E /* LocalBeatStart */,
				1A73B4F31F51F8ED0048237E /* Products */,
				1A73B5071F51FA710048237E /* Frameworks */,
				9C87EDB6EA4418C91CE96DF8 /* Pods */,
			);
			sourceTree = "<group>";
		};
		1A73B4F31F51F8ED0048237E /* Products */ = {
			isa = PBXGroup;
			children = (
				1A73B4F21F51F8ED0048237E /* LocalBeatStart.app */,
			);
			name = Products;
			sourceTree = "<group>";
		};
		1A73B4F41F51F8ED0048237E /* LocalBeatStart */ = {
			isa = PBXGroup;
			children = (
				1A73B4F51F51F8ED0048237E /* AppDelegate.swift */,
				1AC8CA871F5DEE1100E8793F /* Controllers */,
				1AC8CA8C1F5E1C3B00E8793F /* DataSources */,
				1AC8CA861F5DEE0500E8793F /* Networking */,
				1AC8CA751F5DE9A500E8793F /* Models */,
				1A51121A1F525F1400DA5FF0 /* LaunchScreen.storyboard */,
				1A73B4F91F51F8ED0048237E /* Main.storyboard */,
				1A73B4FC1F51F8ED0048237E /* Assets.xcassets */,
				1A73B5011F51F8ED0048237E /* Info.plist */,
				1A59C05F1F70807E00821FFE /* EventAnnotation.swift */,
				1A59C0611F7088D200821FFE /* EventAnnotationView.swift */,
				1A59C0631F70923500821FFE /* EventDetailMapView.xib */,
				1A59C0651F70925E00821FFE /* EventDetailMapView.swift */,
			);
			path = LocalBeatStart;
			sourceTree = "<group>";
		};
		1A73B5071F51FA710048237E /* Frameworks */ = {
			isa = PBXGroup;
			children = (
				1A73B5081F51FA710048237E /* CoreLocation.framework */,
				6C7418EFBAEB030643B5EF39 /* Pods_LocalBeatStart.framework */,
			);
			name = Frameworks;
			sourceTree = "<group>";
		};
		1AC8CA751F5DE9A500E8793F /* Models */ = {
			isa = PBXGroup;
			children = (
				1A9D35091F52369200C55B2E /* SKApiResponse.swift */,
				1AC8CA761F5DEA9D00E8793F /* SKLocationObjects.swift */,
				1AC8CA781F5DEB7C00E8793F /* SKIdentifier.swift */,
				1AC8CA7E1F5DECE400E8793F /* SKVenue.swift */,
				1AC8CA801F5DED0C00E8793F /* SKArtist.swift */,
				1AC8CA821F5DED2800E8793F /* SKPerformance.swift */,
				1AC8CA841F5DED5400E8793F /* SKEvent.swift */,
				1A9D350D1F52480C00C55B2E /* SKApiError.swift */,
				1AC8CA881F5DF37500E8793F /* SKLocationResultObjects.swift */,
				1AC8CA8A1F5DF59900E8793F /* SKMetroArea.swift */,
			);
			name = Models;
			sourceTree = "<group>";
		};
		1AC8CA861F5DEE0500E8793F /* Networking */ = {
			isa = PBXGroup;
			children = (
				1A9D350B1F5238D800C55B2E /* SKApiClient.swift */,
			);
			name = Networking;
			sourceTree = "<group>";
		};
		1AC8CA871F5DEE1100E8793F /* Controllers */ = {
			isa = PBXGroup;
			children = (
				1A73B4F71F51F8ED0048237E /* ViewController.swift */,
				1AC8CA731F5DDF1900E8793F /* SearchResultsController.swift */,
			);
			name = Controllers;
			sourceTree = "<group>";
		};
		1AC8CA8C1F5E1C3B00E8793F /* DataSources */ = {
			isa = PBXGroup;
			children = (
				1AC8CA8D1F5E1C8000E8793F /* LocationResultsDataSource.swift */,
			);
			name = DataSources;
			sourceTree = "<group>";
		};
		9C87EDB6EA4418C91CE96DF8 /* Pods */ = {
			isa = PBXGroup;
			children = (
				03A064E3AD0AEF9232F93ADB /* Pods-LocalBeatStart.debug.xcconfig */,
				028C06919B5E8068E1A05B5A /* Pods-LocalBeatStart.release.xcconfig */,
			);
			name = Pods;
			sourceTree = "<group>";
		};
/* End PBXGroup section */

/* Begin PBXNativeTarget section */
		1A73B4F11F51F8ED0048237E /* LocalBeatStart */ = {
			isa = PBXNativeTarget;
			buildConfigurationList = 1A73B5041F51F8ED0048237E /* Build configuration list for PBXNativeTarget "LocalBeatStart" */;
			buildPhases = (
				6D383D8BAE23C19842D83FB3 /* [CP] Check Pods Manifest.lock */,
				1A73B4EE1F51F8ED0048237E /* Sources */,
				1A73B4EF1F51F8ED0048237E /* Frameworks */,
				1A73B4F01F51F8ED0048237E /* Resources */,
				90C032E1B27A03C5B5A3A427 /* [CP] Embed Pods Frameworks */,
				BA91D844B3761D74491AD56D /* [CP] Copy Pods Resources */,
			);
			buildRules = (
			);
			dependencies = (
			);
			name = LocalBeatStart;
			productName = LocalBeatStart;
			productReference = 1A73B4F21F51F8ED0048237E /* LocalBeatStart.app */;
			productType = "com.apple.product-type.application";
		};
/* End PBXNativeTarget section */

/* Begin PBXProject section */
		1A73B4EA1F51F8ED0048237E /* Project object */ = {
			isa = PBXProject;
			attributes = {
				LastSwiftUpdateCheck = 0830;
				LastUpgradeCheck = 0830;
				ORGANIZATIONNAME = "Mcivor Steiner";
				TargetAttributes = {
					1A73B4F11F51F8ED0048237E = {
						CreatedOnToolsVersion = 8.3.3;
						DevelopmentTeam = QN2Y4FMRUV;
						ProvisioningStyle = Automatic;
					};
				};
			};
			buildConfigurationList = 1A73B4ED1F51F8ED0048237E /* Build configuration list for PBXProject "LocalBeatStart" */;
			compatibilityVersion = "Xcode 3.2";
			developmentRegion = English;
			hasScannedForEncodings = 0;
			knownRegions = (
				en,
				Base,
			);
			mainGroup = 1A73B4E91F51F8ED0048237E;
			productRefGroup = 1A73B4F31F51F8ED0048237E /* Products */;
			projectDirPath = "";
			projectRoot = "";
			targets = (
				1A73B4F11F51F8ED0048237E /* LocalBeatStart */,
			);
		};
/* End PBXProject section */

/* Begin PBXResourcesBuildPhase section */
		1A73B4F01F51F8ED0048237E /* Resources */ = {
			isa = PBXResourcesBuildPhase;
			buildActionMask = 2147483647;
			files = (
				1A59C0641F70923600821FFE /* EventDetailMapView.xib in Resources */,
				1A73B4FD1F51F8ED0048237E /* Assets.xcassets in Resources */,
				1A73B4FB1F51F8ED0048237E /* Main.storyboard in Resources */,
			);
			runOnlyForDeploymentPostprocessing = 0;
		};
/* End PBXResourcesBuildPhase section */

/* Begin PBXShellScriptBuildPhase section */
		6D383D8BAE23C19842D83FB3 /* [CP] Check Pods Manifest.lock */ = {
			isa = PBXShellScriptBuildPhase;
			buildActionMask = 2147483647;
			files = (
			);
			inputPaths = (
				"${PODS_PODFILE_DIR_PATH}/Podfile.lock",
				"${PODS_ROOT}/Manifest.lock",
			);
			name = "[CP] Check Pods Manifest.lock";
			outputPaths = (
				"$(DERIVED_FILE_DIR)/Pods-LocalBeatStart-checkManifestLockResult.txt",
			);
			runOnlyForDeploymentPostprocessing = 0;
			shellPath = /bin/sh;
			shellScript = "diff \"${PODS_PODFILE_DIR_PATH}/Podfile.lock\" \"${PODS_ROOT}/Manifest.lock\" > /dev/null\nif [ $? != 0 ] ; then\n    # print error to STDERR\n    echo \"error: The sandbox is not in sync with the Podfile.lock. Run 'pod install' or update your CocoaPods installation.\" >&2\n    exit 1\nfi\n# This output is used by Xcode 'outputs' to avoid re-running this script phase.\necho \"SUCCESS\" > \"${SCRIPT_OUTPUT_FILE_0}\"\n";
			showEnvVarsInLog = 0;
		};
		90C032E1B27A03C5B5A3A427 /* [CP] Embed Pods Frameworks */ = {
			isa = PBXShellScriptBuildPhase;
			buildActionMask = 2147483647;
			files = (
			);
			inputPaths = (
				"${SRCROOT}/Pods/Target Support Files/Pods-LocalBeatStart/Pods-LocalBeatStart-frameworks.sh",
				"${BUILT_PRODUCTS_DIR}/Alamofire/Alamofire.framework",
				"${BUILT_PRODUCTS_DIR}/ModelMapper/Mapper.framework",
			);
			name = "[CP] Embed Pods Frameworks";
			outputPaths = (
				"${TARGET_BUILD_DIR}/${FRAMEWORKS_FOLDER_PATH}/Alamofire.framework",
				"${TARGET_BUILD_DIR}/${FRAMEWORKS_FOLDER_PATH}/Mapper.framework",
			);
			runOnlyForDeploymentPostprocessing = 0;
			shellPath = /bin/sh;
			shellScript = "\"${SRCROOT}/Pods/Target Support Files/Pods-LocalBeatStart/Pods-LocalBeatStart-frameworks.sh\"\n";
			showEnvVarsInLog = 0;
		};
		BA91D844B3761D74491AD56D /* [CP] Copy Pods Resources */ = {
			isa = PBXShellScriptBuildPhase;
			buildActionMask = 2147483647;
			files = (
			);
			inputPaths = (
			);
			name = "[CP] Copy Pods Resources";
			outputPaths = (
			);
			runOnlyForDeploymentPostprocessing = 0;
			shellPath = /bin/sh;
			shellScript = "\"${SRCROOT}/Pods/Target Support Files/Pods-LocalBeatStart/Pods-LocalBeatStart-resources.sh\"\n";
			showEnvVarsInLog = 0;
		};
/* End PBXShellScriptBuildPhase section */

/* Begin PBXSourcesBuildPhase section */
		1A73B4EE1F51F8ED0048237E /* Sources */ = {
			isa = PBXSourcesBuildPhase;
			buildActionMask = 2147483647;
			files = (
				1A73B4F81F51F8ED0048237E /* ViewController.swift in Sources */,
				1A73B4F61F51F8ED0048237E /* AppDelegate.swift in Sources */,
				1AC8CA831F5DED2900E8793F /* SKPerformance.swift in Sources */,
				1AC8CA811F5DED0C00E8793F /* SKArtist.swift in Sources */,
				1AC8CA771F5DEA9D00E8793F /* SKLocationObjects.swift in Sources */,
				1AC8CA741F5DDF1900E8793F /* SearchResultsController.swift in Sources */,
				1AC8CA8B1F5DF59900E8793F /* SKMetroArea.swift in Sources */,
				1AC8CA851F5DED5400E8793F /* SKEvent.swift in Sources */,
				1AC8CA891F5DF37500E8793F /* SKLocationResultObjects.swift in Sources */,
				1A59C0661F70925E00821FFE /* EventDetailMapView.swift in Sources */,
				1AC8CA8E1F5E1C8000E8793F /* LocationResultsDataSource.swift in Sources */,
				1AC8CA7F1F5DECE400E8793F /* SKVenue.swift in Sources */,
				1A9D350C1F5238D800C55B2E /* SKApiClient.swift in Sources */,
				1A59C0621F7088D200821FFE /* EventAnnotationView.swift in Sources */,
				1AC8CA791F5DEB7C00E8793F /* SKIdentifier.swift in Sources */,
				1A59C0601F70807E00821FFE /* EventAnnotation.swift in Sources */,
				1A9D350A1F52369200C55B2E /* SKApiResponse.swift in Sources */,
				1A9D350E1F52480C00C55B2E /* SKApiError.swift in Sources */,
			);
			runOnlyForDeploymentPostprocessing = 0;
		};
/* End PBXSourcesBuildPhase section */

/* Begin PBXVariantGroup section */
		1A73B4F91F51F8ED0048237E /* Main.storyboard */ = {
			isa = PBXVariantGroup;
			children = (
				1A73B4FA1F51F8ED0048237E /* Base */,
			);
			name = Main.storyboard;
			sourceTree = "<group>";
		};
/* End PBXVariantGroup section */

/* Begin XCBuildConfiguration section */
		1A73B5021F51F8ED0048237E /* Debug */ = {
			isa = XCBuildConfiguration;
			buildSettings = {
				ALWAYS_SEARCH_USER_PATHS = NO;
				CLANG_ANALYZER_NONNULL = YES;
				CLANG_ANALYZER_NUMBER_OBJECT_CONVERSION = YES_AGGRESSIVE;
				CLANG_CXX_LANGUAGE_STANDARD = "gnu++0x";
				CLANG_CXX_LIBRARY = "libc++";
				CLANG_ENABLE_MODULES = YES;
				CLANG_ENABLE_OBJC_ARC = YES;
				CLANG_WARN_BOOL_CONVERSION = YES;
				CLANG_WARN_CONSTANT_CONVERSION = YES;
				CLANG_WARN_DIRECT_OBJC_ISA_USAGE = YES_ERROR;
				CLANG_WARN_DOCUMENTATION_COMMENTS = YES;
				CLANG_WARN_EMPTY_BODY = YES;
				CLANG_WARN_ENUM_CONVERSION = YES;
				CLANG_WARN_INFINITE_RECURSION = YES;
				CLANG_WARN_INT_CONVERSION = YES;
				CLANG_WARN_OBJC_ROOT_CLASS = YES_ERROR;
				CLANG_WARN_SUSPICIOUS_MOVE = YES;
				CLANG_WARN_UNREACHABLE_CODE = YES;
				CLANG_WARN__DUPLICATE_METHOD_MATCH = YES;
				"CODE_SIGN_IDENTITY[sdk=iphoneos*]" = "iPhone Developer";
				COPY_PHASE_STRIP = NO;
				DEBUG_INFORMATION_FORMAT = dwarf;
				ENABLE_STRICT_OBJC_MSGSEND = YES;
				ENABLE_TESTABILITY = YES;
				GCC_C_LANGUAGE_STANDARD = gnu99;
				GCC_DYNAMIC_NO_PIC = NO;
				GCC_NO_COMMON_BLOCKS = YES;
				GCC_OPTIMIZATION_LEVEL = 0;
				GCC_PREPROCESSOR_DEFINITIONS = (
					"DEBUG=1",
					"$(inherited)",
				);
				GCC_WARN_64_TO_32_BIT_CONVERSION = YES;
				GCC_WARN_ABOUT_RETURN_TYPE = YES_ERROR;
				GCC_WARN_UNDECLARED_SELECTOR = YES;
				GCC_WARN_UNINITIALIZED_AUTOS = YES_AGGRESSIVE;
				GCC_WARN_UNUSED_FUNCTION = YES;
				GCC_WARN_UNUSED_VARIABLE = YES;
				IPHONEOS_DEPLOYMENT_TARGET = 10.3;
				MTL_ENABLE_DEBUG_INFO = YES;
				ONLY_ACTIVE_ARCH = YES;
				SDKROOT = iphoneos;
				SWIFT_ACTIVE_COMPILATION_CONDITIONS = DEBUG;
				SWIFT_OPTIMIZATION_LEVEL = "-Onone";
			};
			name = Debug;
		};
		1A73B5031F51F8ED0048237E /* Release */ = {
			isa = XCBuildConfiguration;
			buildSettings = {
				ALWAYS_SEARCH_USER_PATHS = NO;
				CLANG_ANALYZER_NONNULL = YES;
				CLANG_ANALYZER_NUMBER_OBJECT_CONVERSION = YES_AGGRESSIVE;
				CLANG_CXX_LANGUAGE_STANDARD = "gnu++0x";
				CLANG_CXX_LIBRARY = "libc++";
				CLANG_ENABLE_MODULES = YES;
				CLANG_ENABLE_OBJC_ARC = YES;
				CLANG_WARN_BOOL_CONVERSION = YES;
				CLANG_WARN_CONSTANT_CONVERSION = YES;
				CLANG_WARN_DIRECT_OBJC_ISA_USAGE = YES_ERROR;
				CLANG_WARN_DOCUMENTATION_COMMENTS = YES;
				CLANG_WARN_EMPTY_BODY = YES;
				CLANG_WARN_ENUM_CONVERSION = YES;
				CLANG_WARN_INFINITE_RECURSION = YES;
				CLANG_WARN_INT_CONVERSION = YES;
				CLANG_WARN_OBJC_ROOT_CLASS = YES_ERROR;
				CLANG_WARN_SUSPICIOUS_MOVE = YES;
				CLANG_WARN_UNREACHABLE_CODE = YES;
				CLANG_WARN__DUPLICATE_METHOD_MATCH = YES;
				"CODE_SIGN_IDENTITY[sdk=iphoneos*]" = "iPhone Developer";
				COPY_PHASE_STRIP = NO;
				DEBUG_INFORMATION_FORMAT = "dwarf-with-dsym";
				ENABLE_NS_ASSERTIONS = NO;
				ENABLE_STRICT_OBJC_MSGSEND = YES;
				GCC_C_LANGUAGE_STANDARD = gnu99;
				GCC_NO_COMMON_BLOCKS = YES;
				GCC_WARN_64_TO_32_BIT_CONVERSION = YES;
				GCC_WARN_ABOUT_RETURN_TYPE = YES_ERROR;
				GCC_WARN_UNDECLARED_SELECTOR = YES;
				GCC_WARN_UNINITIALIZED_AUTOS = YES_AGGRESSIVE;
				GCC_WARN_UNUSED_FUNCTION = YES;
				GCC_WARN_UNUSED_VARIABLE = YES;
				IPHONEOS_DEPLOYMENT_TARGET = 10.3;
				MTL_ENABLE_DEBUG_INFO = NO;
				SDKROOT = iphoneos;
				SWIFT_OPTIMIZATION_LEVEL = "-Owholemodule";
				VALIDATE_PRODUCT = YES;
			};
			name = Release;
		};
		1A73B5051F51F8ED0048237E /* Debug */ = {
			isa = XCBuildConfiguration;
			baseConfigurationReference = 03A064E3AD0AEF9232F93ADB /* Pods-LocalBeatStart.debug.xcconfig */;
			buildSettings = {
				ASSETCATALOG_COMPILER_APPICON_NAME = AppIcon;
				"CODE_SIGN_IDENTITY[sdk=iphoneos*]" = "iPhone Developer";
				DEVELOPMENT_TEAM = QN2Y4FMRUV;
				INFOPLIST_FILE = LocalBeatStart/Info.plist;
				LD_RUNPATH_SEARCH_PATHS = "$(inherited) @executable_path/Frameworks";
				PRODUCT_BUNDLE_IDENTIFIER = com.mcivorsteiner.LocalBeatStart;
				PRODUCT_NAME = "$(TARGET_NAME)";
				PROVISIONING_PROFILE_SPECIFIER = "";
				SWIFT_VERSION = 3.0;
				TARGETED_DEVICE_FAMILY = 1;
			};
			name = Debug;
		};
		1A73B5061F51F8ED0048237E /* Release */ = {
			isa = XCBuildConfiguration;
			baseConfigurationReference = 028C06919B5E8068E1A05B5A /* Pods-LocalBeatStart.release.xcconfig */;
			buildSettings = {
				ASSETCATALOG_COMPILER_APPICON_NAME = AppIcon;
				"CODE_SIGN_IDENTITY[sdk=iphoneos*]" = "iPhone Developer";
				DEVELOPMENT_TEAM = QN2Y4FMRUV;
				INFOPLIST_FILE = LocalBeatStart/Info.plist;
				LD_RUNPATH_SEARCH_PATHS = "$(inherited) @executable_path/Frameworks";
				PRODUCT_BUNDLE_IDENTIFIER = com.mcivorsteiner.LocalBeatStart;
				PRODUCT_NAME = "$(TARGET_NAME)";
				PROVISIONING_PROFILE_SPECIFIER = "";
				SWIFT_VERSION = 3.0;
				TARGETED_DEVICE_FAMILY = 1;
			};
			name = Release;
		};
/* End XCBuildConfiguration section */

/* Begin XCConfigurationList section */
		1A73B4ED1F51F8ED0048237E /* Build configuration list for PBXProject "LocalBeatStart" */ = {
			isa = XCConfigurationList;
			buildConfigurations = (
				1A73B5021F51F8ED0048237E /* Debug */,
				1A73B5031F51F8ED0048237E /* Release */,
			);
			defaultConfigurationIsVisible = 0;
			defaultConfigurationName = Release;
		};
		1A73B5041F51F8ED0048237E /* Build configuration list for PBXNativeTarget "LocalBeatStart" */ = {
			isa = XCConfigurationList;
			buildConfigurations = (
				1A73B5051F51F8ED0048237E /* Debug */,
				1A73B5061F51F8ED0048237E /* Release */,
			);
			defaultConfigurationIsVisible = 0;
			defaultConfigurationName = Release;
		};
/* End XCConfigurationList section */
	};
	rootObject = 1A73B4EA1F51F8ED0048237E /* Project object */;
}
